
Microsoft Visual Studio Solution File, Format Version 12.00
# Visual Studio Version 17
VisualStudioVersion = 17.5.33516.290
MinimumVisualStudioVersion = 10.0.40219.1
Project("{FAE04EC0-301F-11D3-BF4B-00C04F79EFBC}") = "WinFormsApp16", "WinFormsApp16\WinFormsApp16.csproj", "{8EEC43EC-A38D-494A-9117-437FC2B5D276}"
EndProject
Global
	GlobalSection(SolutionConfigurationPlatforms) = preSolution
		Debug|Any CPU = Debug|Any CPU
		Release|Any CPU = Release|Any CPU
	EndGlobalSection
	GlobalSection(ProjectConfigurationPlatforms) = postSolution
		{8EEC43EC-A38D-494A-9117-437FC2B5D276}.Debug|Any CPU.ActiveCfg = Debug|Any CPU
		{8EEC43EC-A38D-494A-9117-437FC2B5D276}.Debug|Any CPU.Build.0 = Debug|Any CPU
		{8EEC43EC-A38D-494A-9117-437FC2B5D276}.Release|Any CPU.ActiveCfg = Release|Any CPU
		{8EEC43EC-A38D-494A-9117-437FC2B5D276}.Release|Any CPU.Build.0 = Release|Any CPU
	EndGlobalSection
	GlobalSection(SolutionProperties) = preSolution
		HideSolutionNode = FALSE
	EndGlobalSection
	GlobalSection(ExtensibilityGlobals) = postSolution
		SolutionGuid = {E7B552B0-69E5-4352-9CB3-0D33554F1056}
	EndGlobalSection
EndGlobal
